
Microsoft Visual Studio Solution File, Format Version 12.00
# Visual Studio 15
VisualStudioVersion = 15.0.27703.2018
MinimumVisualStudioVersion = 10.0.40219.1
Project("{FAE04EC0-301F-11D3-BF4B-00C04F79EFBC}") = "StackOverflowProject", "StackOverflowProject\StackOverflowProject.csproj", "{3DF470AF-5F17-4010-857D-275DAC04B111}"
EndProject
Project("{FAE04EC0-301F-11D3-BF4B-00C04F79EFBC}") = "StackOverflowProject.DomainModels", "StackOverflowProject.DomainModels\StackOverflowProject.DomainModels.csproj", "{538FCFA1-9632-41E3-9B8C-3C7EF6F93FA0}"
EndProject
Project("{FAE04EC0-301F-11D3-BF4B-00C04F79EFBC}") = "StackOverflowProject.ViewModels", "StackOverflowProject.ViewModels\StackOverflowProject.ViewModels.csproj", "{9DB5D52E-956E-4F2D-B643-EE07586CA9A7}"
EndProject
Project("{FAE04EC0-301F-11D3-BF4B-00C04F79EFBC}") = "StackOverflowProject.Repositories", "StackOverflowProject.Repositories\StackOverflowProject.Repositories.csproj", "{020F19D4-5D42-4981-BF12-5F0B55D8A1D4}"
EndProject
Project("{FAE04EC0-301F-11D3-BF4B-00C04F79EFBC}") = "StackOverflowProject.ServiceLayer", "StackOverflowProject.ServiceLayer\StackOverflowProject.ServiceLayer.csproj", "{E7522F12-BCE2-4B03-8DA7-7D97E51D9082}"
EndProject
Global
	GlobalSection(SolutionConfigurationPlatforms) = preSolution
		Debug|Any CPU = Debug|Any CPU
		Release|Any CPU = Release|Any CPU
	EndGlobalSection
	GlobalSection(ProjectConfigurationPlatforms) = postSolution
		{3DF470AF-5F17-4010-857D-275DAC04B111}.Debug|Any CPU.ActiveCfg = Debug|Any CPU
		{3DF470AF-5F17-4010-857D-275DAC04B111}.Debug|Any CPU.Build.0 = Debug|Any CPU
		{3DF470AF-5F17-4010-857D-275DAC04B111}.Release|Any CPU.ActiveCfg = Release|Any CPU
		{3DF470AF-5F17-4010-857D-275DAC04B111}.Release|Any CPU.Build.0 = Release|Any CPU
		{538FCFA1-9632-41E3-9B8C-3C7EF6F93FA0}.Debug|Any CPU.ActiveCfg = Debug|Any CPU
		{538FCFA1-9632-41E3-9B8C-3C7EF6F93FA0}.Debug|Any CPU.Build.0 = Debug|Any CPU
		{538FCFA1-9632-41E3-9B8C-3C7EF6F93FA0}.Release|Any CPU.ActiveCfg = Release|Any CPU
		{538FCFA1-9632-41E3-9B8C-3C7EF6F93FA0}.Release|Any CPU.Build.0 = Release|Any CPU
		{9DB5D52E-956E-4F2D-B643-EE07586CA9A7}.Debug|Any CPU.ActiveCfg = Debug|Any CPU
		{9DB5D52E-956E-4F2D-B643-EE07586CA9A7}.Debug|Any CPU.Build.0 = Debug|Any CPU
		{9DB5D52E-956E-4F2D-B643-EE07586CA9A7}.Release|Any CPU.ActiveCfg = Release|Any CPU
		{9DB5D52E-956E-4F2D-B643-EE07586CA9A7}.Release|Any CPU.Build.0 = Release|Any CPU
		{020F19D4-5D42-4981-BF12-5F0B55D8A1D4}.Debug|Any CPU.ActiveCfg = Debug|Any CPU
		{020F19D4-5D42-4981-BF12-5F0B55D8A1D4}.Debug|Any CPU.Build.0 = Debug|Any CPU
		{020F19D4-5D42-4981-BF12-5F0B55D8A1D4}.Release|Any CPU.ActiveCfg = Release|Any CPU
		{020F19D4-5D42-4981-BF12-5F0B55D8A1D4}.Release|Any CPU.Build.0 = Release|Any CPU
		{E7522F12-BCE2-4B03-8DA7-7D97E51D9082}.Debug|Any CPU.ActiveCfg = Debug|Any CPU
		{E7522F12-BCE2-4B03-8DA7-7D97E51D9082}.Debug|Any CPU.Build.0 = Debug|Any CPU
		{E7522F12-BCE2-4B03-8DA7-7D97E51D9082}.Release|Any CPU.ActiveCfg = Release|Any CPU
		{E7522F12-BCE2-4B03-8DA7-7D97E51D9082}.Release|Any CPU.Build.0 = Release|Any CPU
	EndGlobalSection
	GlobalSection(SolutionProperties) = preSolution
		HideSolutionNode = FALSE
	EndGlobalSection
	GlobalSection(ExtensibilityGlobals) = postSolution
		SolutionGuid = {4768B9BC-C7AE-4B3D-86E3-728F5C096114}
	EndGlobalSection
EndGlobal
